// !$*UTF8*$!
{
	archiveVersion = 1;
	classes = {
	};
	objectVersion = 56;
	objects = {

/* Begin PBXBuildFile section */
		103E44852A477F6F00BA40FA /* FetchRecipeApp.swift in Sources */ = {isa = PBXBuildFile; fileRef = 103E44842A477F6F00BA40FA /* FetchRecipeApp.swift */; };
		103E44872A477F6F00BA40FA /* ContentView.swift in Sources */ = {isa = PBXBuildFile; fileRef = 103E44862A477F6F00BA40FA /* ContentView.swift */; };
		103E44892A477F7100BA40FA /* Assets.xcassets in Resources */ = {isa = PBXBuildFile; fileRef = 103E44882A477F7100BA40FA /* Assets.xcassets */; };
		103E448C2A477F7100BA40FA /* Preview Assets.xcassets in Resources */ = {isa = PBXBuildFile; fileRef = 103E448B2A477F7100BA40FA /* Preview Assets.xcassets */; };
		103E44962A477F7100BA40FA /* FetchRecipeTests.swift in Sources */ = {isa = PBXBuildFile; fileRef = 103E44952A477F7100BA40FA /* FetchRecipeTests.swift */; };
		103E44A02A477F7100BA40FA /* FetchRecipeUITests.swift in Sources */ = {isa = PBXBuildFile; fileRef = 103E449F2A477F7100BA40FA /* FetchRecipeUITests.swift */; };
		103E44A22A477F7100BA40FA /* FetchRecipeUITestsLaunchTests.swift in Sources */ = {isa = PBXBuildFile; fileRef = 103E44A12A477F7100BA40FA /* FetchRecipeUITestsLaunchTests.swift */; };
/* End PBXBuildFile section */

/* Begin PBXContainerItemProxy section */
		103E44922A477F7100BA40FA /* PBXContainerItemProxy */ = {
			isa = PBXContainerItemProxy;
			containerPortal = 103E44792A477F6F00BA40FA /* Project object */;
			proxyType = 1;
			remoteGlobalIDString = 103E44802A477F6F00BA40FA;
			remoteInfo = FetchRecipe;
		};
		103E449C2A477F7100BA40FA /* PBXContainerItemProxy */ = {
			isa = PBXContainerItemProxy;
			containerPortal = 103E44792A477F6F00BA40FA /* Project object */;
			proxyType = 1;
			remoteGlobalIDString = 103E44802A477F6F00BA40FA;
			remoteInfo = FetchRecipe;
		};
/* End PBXContainerItemProxy section */

/* Begin PBXFileReference section */
		103E44812A477F6F00BA40FA /* FetchRecipe.app */ = {isa = PBXFileReference; explicitFileType = wrapper.application; includeInIndex = 0; path = FetchRecipe.app; sourceTree = BUILT_PRODUCTS_DIR; };
		103E44842A477F6F00BA40FA /* FetchRecipeApp.swift */ = {isa = PBXFileReference; lastKnownFileType = sourcecode.swift; path = FetchRecipeApp.swift; sourceTree = "<group>"; };
		103E44862A477F6F00BA40FA /* ContentView.swift */ = {isa = PBXFileReference; lastKnownFileType = sourcecode.swift; path = ContentView.swift; sourceTree = "<group>"; };
		103E44882A477F7100BA40FA /* Assets.xcassets */ = {isa = PBXFileReference; lastKnownFileType = folder.assetcatalog; path = Assets.xcassets; sourceTree = "<group>"; };
		103E448B2A477F7100BA40FA /* Preview Assets.xcassets */ = {isa = PBXFileReference; lastKnownFileType = folder.assetcatalog; path = "Preview Assets.xcassets"; sourceTree = "<group>"; };
		103E44912A477F7100BA40FA /* FetchRecipeTests.xctest */ = {isa = PBXFileReference; explicitFileType = wrapper.cfbundle; includeInIndex = 0; path = FetchRecipeTests.xctest; sourceTree = BUILT_PRODUCTS_DIR; };
		103E44952A477F7100BA40FA /* FetchRecipeTests.swift */ = {isa = PBXFileReference; lastKnownFileType = sourcecode.swift; path = FetchRecipeTests.swift; sourceTree = "<group>"; };
		103E449B2A477F7100BA40FA /* FetchRecipeUITests.xctest */ = {isa = PBXFileReference; explicitFileType = wrapper.cfbundle; includeInIndex = 0; path = FetchRecipeUITests.xctest; sourceTree = BUILT_PRODUCTS_DIR; };
		103E449F2A477F7100BA40FA /* FetchRecipeUITests.swift */ = {isa = PBXFileReference; lastKnownFileType = sourcecode.swift; path = FetchRecipeUITests.swift; sourceTree = "<group>"; };
		103E44A12A477F7100BA40FA /* FetchRecipeUITestsLaunchTests.swift */ = {isa = PBXFileReference; lastKnownFileType = sourcecode.swift; path = FetchRecipeUITestsLaunchTests.swift; sourceTree = "<group>"; };
/* End PBXFileReference section */

/* Begin PBXFrameworksBuildPhase section */
		103E447E2A477F6F00BA40FA /* Frameworks */ = {
			isa = PBXFrameworksBuildPhase;
			buildActionMask = 2147483647;
			files = (
			);
			runOnlyForDeploymentPostprocessing = 0;
		};
		103E448E2A477F7100BA40FA /* Frameworks */ = {
			isa = PBXFrameworksBuildPhase;
			buildActionMask = 2147483647;
			files = (
			);
			runOnlyForDeploymentPostprocessing = 0;
		};
		103E44982A477F7100BA40FA /* Frameworks */ = {
			isa = PBXFrameworksBuildPhase;
			buildActionMask = 2147483647;
			files = (
			);
			runOnlyForDeploymentPostprocessing = 0;
		};
/* End PBXFrameworksBuildPhase section */

/* Begin PBXGroup section */
		103E44782A477F6F00BA40FA = {
			isa = PBXGroup;
			children = (
				103E44832A477F6F00BA40FA /* FetchRecipe */,
				103E44942A477F7100BA40FA /* FetchRecipeTests */,
				103E449E2A477F7100BA40FA /* FetchRecipeUITests */,
				103E44822A477F6F00BA40FA /* Products */,
			);
			sourceTree = "<group>";
		};
		103E44822A477F6F00BA40FA /* Products */ = {
			isa = PBXGroup;
			children = (
				103E44812A477F6F00BA40FA /* FetchRecipe.app */,
				103E44912A477F7100BA40FA /* FetchRecipeTests.xctest */,
				103E449B2A477F7100BA40FA /* FetchRecipeUITests.xctest */,
			);
			name = Products;
			sourceTree = "<group>";
		};
		103E44832A477F6F00BA40FA /* FetchRecipe */ = {
			isa = PBXGroup;
			children = (
				103E44842A477F6F00BA40FA /* FetchRecipeApp.swift */,
				103E44862A477F6F00BA40FA /* ContentView.swift */,
				103E44882A477F7100BA40FA /* Assets.xcassets */,
				103E448A2A477F7100BA40FA /* Preview Content */,
			);
			path = FetchRecipe;
			sourceTree = "<group>";
		};
		103E448A2A477F7100BA40FA /* Preview Content */ = {
			isa = PBXGroup;
			children = (
				103E448B2A477F7100BA40FA /* Preview Assets.xcassets */,
			);
			path = "Preview Content";
			sourceTree = "<group>";
		};
		103E44942A477F7100BA40FA /* FetchRecipeTests */ = {
			isa = PBXGroup;
			children = (
				103E44952A477F7100BA40FA /* FetchRecipeTests.swift */,
			);
			path = FetchRecipeTests;
			sourceTree = "<group>";
		};
		103E449E2A477F7100BA40FA /* FetchRecipeUITests */ = {
			isa = PBXGroup;
			children = (
				103E449F2A477F7100BA40FA /* FetchRecipeUITests.swift */,
				103E44A12A477F7100BA40FA /* FetchRecipeUITestsLaunchTests.swift */,
			);
			path = FetchRecipeUITests;
			sourceTree = "<group>";
		};
/* End PBXGroup section */

/* Begin PBXNativeTarget section */
		103E44802A477F6F00BA40FA /* FetchRecipe */ = {
			isa = PBXNativeTarget;
			buildConfigurationList = 103E44A52A477F7100BA40FA /* Build configuration list for PBXNativeTarget "FetchRecipe" */;
			buildPhases = (
				103E447D2A477F6F00BA40FA /* Sources */,
				103E447E2A477F6F00BA40FA /* Frameworks */,
				103E447F2A477F6F00BA40FA /* Resources */,
			);
			buildRules = (
			);
			dependencies = (
			);
			name = FetchRecipe;
			productName = FetchRecipe;
			productReference = 103E44812A477F6F00BA40FA /* FetchRecipe.app */;
			productType = "com.apple.product-type.application";
		};
		103E44902A477F7100BA40FA /* FetchRecipeTests */ = {
			isa = PBXNativeTarget;
			buildConfigurationList = 103E44A82A477F7100BA40FA /* Build configuration list for PBXNativeTarget "FetchRecipeTests" */;
			buildPhases = (
				103E448D2A477F7100BA40FA /* Sources */,
				103E448E2A477F7100BA40FA /* Frameworks */,
				103E448F2A477F7100BA40FA /* Resources */,
			);
			buildRules = (
			);
			dependencies = (
				103E44932A477F7100BA40FA /* PBXTargetDependency */,
			);
			name = FetchRecipeTests;
			productName = FetchRecipeTests;
			productReference = 103E44912A477F7100BA40FA /* FetchRecipeTests.xctest */;
			productType = "com.apple.product-type.bundle.unit-test";
		};
		103E449A2A477F7100BA40FA /* FetchRecipeUITests */ = {
			isa = PBXNativeTarget;
			buildConfigurationList = 103E44AB2A477F7100BA40FA /* Build configuration list for PBXNativeTarget "FetchRecipeUITests" */;
			buildPhases = (
				103E44972A477F7100BA40FA /* Sources */,
				103E44982A477F7100BA40FA /* Frameworks */,
				103E44992A477F7100BA40FA /* Resources */,
			);
			buildRules = (
			);
			dependencies = (
				103E449D2A477F7100BA40FA /* PBXTargetDependency */,
			);
			name = FetchRecipeUITests;
			productName = FetchRecipeUITests;
			productReference = 103E449B2A477F7100BA40FA /* FetchRecipeUITests.xctest */;
			productType = "com.apple.product-type.bundle.ui-testing";
		};
/* End PBXNativeTarget section */

/* Begin PBXProject section */
		103E44792A477F6F00BA40FA /* Project object */ = {
			isa = PBXProject;
			attributes = {
				BuildIndependentTargetsInParallel = 1;
				LastSwiftUpdateCheck = 1430;
				LastUpgradeCheck = 1430;
				TargetAttributes = {
					103E44802A477F6F00BA40FA = {
						CreatedOnToolsVersion = 14.3.1;
					};
					103E44902A477F7100BA40FA = {
						CreatedOnToolsVersion = 14.3.1;
						TestTargetID = 103E44802A477F6F00BA40FA;
					};
					103E449A2A477F7100BA40FA = {
						CreatedOnToolsVersion = 14.3.1;
						TestTargetID = 103E44802A477F6F00BA40FA;
					};
				};
			};
			buildConfigurationList = 103E447C2A477F6F00BA40FA /* Build configuration list for PBXProject "FetchRecipe" */;
			compatibilityVersion = "Xcode 14.0";
			developmentRegion = en;
			hasScannedForEncodings = 0;
			knownRegions = (
				en,
				Base,
			);
			mainGroup = 103E44782A477F6F00BA40FA;
			productRefGroup = 103E44822A477F6F00BA40FA /* Products */;
			projectDirPath = "";
			projectRoot = "";
			targets = (
				103E44802A477F6F00BA40FA /* FetchRecipe */,
				103E44902A477F7100BA40FA /* FetchRecipeTests */,
				103E449A2A477F7100BA40FA /* FetchRecipeUITests */,
			);
		};
/* End PBXProject section */

/* Begin PBXResourcesBuildPhase section */
		103E447F2A477F6F00BA40FA /* Resources */ = {
			isa = PBXResourcesBuildPhase;
			buildActionMask = 2147483647;
			files = (
				103E448C2A477F7100BA40FA /* Preview Assets.xcassets in Resources */,
				103E44892A477F7100BA40FA /* Assets.xcassets in Resources */,
			);
			runOnlyForDeploymentPostprocessing = 0;
		};
		103E448F2A477F7100BA40FA /* Resources */ = {
			isa = PBXResourcesBuildPhase;
			buildActionMask = 2147483647;
			files = (
			);
			runOnlyForDeploymentPostprocessing = 0;
		};
		103E44992A477F7100BA40FA /* Resources */ = {
			isa = PBXResourcesBuildPhase;
			buildActionMask = 2147483647;
			files = (
			);
			runOnlyForDeploymentPostprocessing = 0;
		};
/* End PBXResourcesBuildPhase section */

/* Begin PBXSourcesBuildPhase section */
		103E447D2A477F6F00BA40FA /* Sources */ = {
			isa = PBXSourcesBuildPhase;
			buildActionMask = 2147483647;
			files = (
				103E44872A477F6F00BA40FA /* ContentView.swift in Sources */,
				103E44852A477F6F00BA40FA /* FetchRecipeApp.swift in Sources */,
			);
			runOnlyForDeploymentPostprocessing = 0;
		};
		103E448D2A477F7100BA40FA /* Sources */ = {
			isa = PBXSourcesBuildPhase;
			buildActionMask = 2147483647;
			files = (
				103E44962A477F7100BA40FA /* FetchRecipeTests.swift in Sources */,
			);
			runOnlyForDeploymentPostprocessing = 0;
		};
		103E44972A477F7100BA40FA /* Sources */ = {
			isa = PBXSourcesBuildPhase;
			buildActionMask = 2147483647;
			files = (
				103E44A02A477F7100BA40FA /* FetchRecipeUITests.swift in Sources */,
				103E44A22A477F7100BA40FA /* FetchRecipeUITestsLaunchTests.swift in Sources */,
			);
			runOnlyForDeploymentPostprocessing = 0;
		};
/* End PBXSourcesBuildPhase section */

/* Begin PBXTargetDependency section */
		103E44932A477F7100BA40FA /* PBXTargetDependency */ = {
			isa = PBXTargetDependency;
			target = 103E44802A477F6F00BA40FA /* FetchRecipe */;
			targetProxy = 103E44922A477F7100BA40FA /* PBXContainerItemProxy */;
		};
		103E449D2A477F7100BA40FA /* PBXTargetDependency */ = {
			isa = PBXTargetDependency;
			target = 103E44802A477F6F00BA40FA /* FetchRecipe */;
			targetProxy = 103E449C2A477F7100BA40FA /* PBXContainerItemProxy */;
		};
/* End PBXTargetDependency section */

/* Begin XCBuildConfiguration section */
		103E44A32A477F7100BA40FA /* Debug */ = {
			isa = XCBuildConfiguration;
			buildSettings = {
				ALWAYS_SEARCH_USER_PATHS = NO;
				CLANG_ANALYZER_NONNULL = YES;
				CLANG_ANALYZER_NUMBER_OBJECT_CONVERSION = YES_AGGRESSIVE;
				CLANG_CXX_LANGUAGE_STANDARD = "gnu++20";
				CLANG_ENABLE_MODULES = YES;
				CLANG_ENABLE_OBJC_ARC = YES;
				CLANG_ENABLE_OBJC_WEAK = YES;
				CLANG_WARN_BLOCK_CAPTURE_AUTORELEASING = YES;
				CLANG_WARN_BOOL_CONVERSION = YES;
				CLANG_WARN_COMMA = YES;
				CLANG_WARN_CONSTANT_CONVERSION = YES;
				CLANG_WARN_DEPRECATED_OBJC_IMPLEMENTATIONS = YES;
				CLANG_WARN_DIRECT_OBJC_ISA_USAGE = YES_ERROR;
				CLANG_WARN_DOCUMENTATION_COMMENTS = YES;
				CLANG_WARN_EMPTY_BODY = YES;
				CLANG_WARN_ENUM_CONVERSION = YES;
				CLANG_WARN_INFINITE_RECURSION = YES;
				CLANG_WARN_INT_CONVERSION = YES;
				CLANG_WARN_NON_LITERAL_NULL_CONVERSION = YES;
				CLANG_WARN_OBJC_IMPLICIT_RETAIN_SELF = YES;
				CLANG_WARN_OBJC_LITERAL_CONVERSION = YES;
				CLANG_WARN_OBJC_ROOT_CLASS = YES_ERROR;
				CLANG_WARN_QUOTED_INCLUDE_IN_FRAMEWORK_HEADER = YES;
				CLANG_WARN_RANGE_LOOP_ANALYSIS = YES;
				CLANG_WARN_STRICT_PROTOTYPES = YES;
				CLANG_WARN_SUSPICIOUS_MOVE = YES;
				CLANG_WARN_UNGUARDED_AVAILABILITY = YES_AGGRESSIVE;
				CLANG_WARN_UNREACHABLE_CODE = YES;
				CLANG_WARN__DUPLICATE_METHOD_MATCH = YES;
				COPY_PHASE_STRIP = NO;
				DEBUG_INFORMATION_FORMAT = dwarf;
				ENABLE_STRICT_OBJC_MSGSEND = YES;
				ENABLE_TESTABILITY = YES;
				GCC_C_LANGUAGE_STANDARD = gnu11;
				GCC_DYNAMIC_NO_PIC = NO;
				GCC_NO_COMMON_BLOCKS = YES;
				GCC_OPTIMIZATION_LEVEL = 0;
				GCC_PREPROCESSOR_DEFINITIONS = (
					"DEBUG=1",
					"$(inherited)",
				);
				GCC_WARN_64_TO_32_BIT_CONVERSION = YES;
				GCC_WARN_ABOUT_RETURN_TYPE = YES_ERROR;
				GCC_WARN_UNDECLARED_SELECTOR = YES;
				GCC_WARN_UNINITIALIZED_AUTOS = YES_AGGRESSIVE;
				GCC_WARN_UNUSED_FUNCTION = YES;
				GCC_WARN_UNUSED_VARIABLE = YES;
				IPHONEOS_DEPLOYMENT_TARGET = 16.4;
				MTL_ENABLE_DEBUG_INFO = INCLUDE_SOURCE;
				MTL_FAST_MATH = YES;
				ONLY_ACTIVE_ARCH = YES;
				SDKROOT = iphoneos;
				SWIFT_ACTIVE_COMPILATION_CONDITIONS = DEBUG;
				SWIFT_OPTIMIZATION_LEVEL = "-Onone";
			};
			name = Debug;
		};
		103E44A42A477F7100BA40FA /* Release */ = {
			isa = XCBuildConfiguration;
			buildSettings = {
				ALWAYS_SEARCH_USER_PATHS = NO;
				CLANG_ANALYZER_NONNULL = YES;
				CLANG_ANALYZER_NUMBER_OBJECT_CONVERSION = YES_AGGRESSIVE;
				CLANG_CXX_LANGUAGE_STANDARD = "gnu++20";
				CLANG_ENABLE_MODULES = YES;
				CLANG_ENABLE_OBJC_ARC = YES;
				CLANG_ENABLE_OBJC_WEAK = YES;
				CLANG_WARN_BLOCK_CAPTURE_AUTORELEASING = YES;
				CLANG_WARN_BOOL_CONVERSION = YES;
				CLANG_WARN_COMMA = YES;
				CLANG_WARN_CONSTANT_CONVERSION = YES;
				CLANG_WARN_DEPRECATED_OBJC_IMPLEMENTATIONS = YES;
				CLANG_WARN_DIRECT_OBJC_ISA_USAGE = YES_ERROR;
				CLANG_WARN_DOCUMENTATION_COMMENTS = YES;
				CLANG_WARN_EMPTY_BODY = YES;
				CLANG_WARN_ENUM_CONVERSION = YES;
				CLANG_WARN_INFINITE_RECURSION = YES;
				CLANG_WARN_INT_CONVERSION = YES;
				CLANG_WARN_NON_LITERAL_NULL_CONVERSION = YES;
				CLANG_WARN_OBJC_IMPLICIT_RETAIN_SELF = YES;
				CLANG_WARN_OBJC_LITERAL_CONVERSION = YES;
				CLANG_WARN_OBJC_ROOT_CLASS = YES_ERROR;
				CLANG_WARN_QUOTED_INCLUDE_IN_FRAMEWORK_HEADER = YES;
				CLANG_WARN_RANGE_LOOP_ANALYSIS = YES;
				CLANG_WARN_STRICT_PROTOTYPES = YES;
				CLANG_WARN_SUSPICIOUS_MOVE = YES;
				CLANG_WARN_UNGUARDED_AVAILABILITY = YES_AGGRESSIVE;
				CLANG_WARN_UNREACHABLE_CODE = YES;
				CLANG_WARN__DUPLICATE_METHOD_MATCH = YES;
				COPY_PHASE_STRIP = NO;
				DEBUG_INFORMATION_FORMAT = "dwarf-with-dsym";
				ENABLE_NS_ASSERTIONS = NO;
				ENABLE_STRICT_OBJC_MSGSEND = YES;
				GCC_C_LANGUAGE_STANDARD = gnu11;
				GCC_NO_COMMON_BLOCKS = YES;
				GCC_WARN_64_TO_32_BIT_CONVERSION = YES;
				GCC_WARN_ABOUT_RETURN_TYPE = YES_ERROR;
				GCC_WARN_UNDECLARED_SELECTOR = YES;
				GCC_WARN_UNINITIALIZED_AUTOS = YES_AGGRESSIVE;
				GCC_WARN_UNUSED_FUNCTION = YES;
				GCC_WARN_UNUSED_VARIABLE = YES;
				IPHONEOS_DEPLOYMENT_TARGET = 16.4;
				MTL_ENABLE_DEBUG_INFO = NO;
				MTL_FAST_MATH = YES;
				SDKROOT = iphoneos;
				SWIFT_COMPILATION_MODE = wholemodule;
				SWIFT_OPTIMIZATION_LEVEL = "-O";
				VALIDATE_PRODUCT = YES;
			};
			name = Release;
		};
		103E44A62A477F7100BA40FA /* Debug */ = {
			isa = XCBuildConfiguration;
			buildSettings = {
				ASSETCATALOG_COMPILER_APPICON_NAME = AppIcon;
				ASSETCATALOG_COMPILER_GLOBAL_ACCENT_COLOR_NAME = AccentColor;
				CODE_SIGN_STYLE = Automatic;
				CURRENT_PROJECT_VERSION = 1;
				DEVELOPMENT_ASSET_PATHS = "\"FetchRecipe/Preview Content\"";
				ENABLE_PREVIEWS = YES;
				GENERATE_INFOPLIST_FILE = YES;
				INFOPLIST_KEY_UIApplicationSceneManifest_Generation = YES;
				INFOPLIST_KEY_UIApplicationSupportsIndirectInputEvents = YES;
				INFOPLIST_KEY_UILaunchScreen_Generation = YES;
				INFOPLIST_KEY_UISupportedInterfaceOrientations_iPad = "UIInterfaceOrientationPortrait UIInterfaceOrientationPortraitUpsideDown UIInterfaceOrientationLandscapeLeft UIInterfaceOrientationLandscapeRight";
				INFOPLIST_KEY_UISupportedInterfaceOrientations_iPhone = "UIInterfaceOrientationPortrait UIInterfaceOrientationLandscapeLeft UIInterfaceOrientationLandscapeRight";
				LD_RUNPATH_SEARCH_PATHS = (
					"$(inherited)",
					"@executable_path/Frameworks",
				);
				MARKETING_VERSION = 1.0;
				PRODUCT_BUNDLE_IDENTIFIER = fetch.FetchRecipe;
				PRODUCT_NAME = "$(TARGET_NAME)";
				SWIFT_EMIT_LOC_STRINGS = YES;
				SWIFT_VERSION = 5.0;
				TARGETED_DEVICE_FAMILY = "1,2";
			};
			name = Debug;
		};
		103E44A72A477F7100BA40FA /* Release */ = {
			isa = XCBuildConfiguration;
			buildSettings = {
				ASSETCATALOG_COMPILER_APPICON_NAME = AppIcon;
				ASSETCATALOG_COMPILER_GLOBAL_ACCENT_COLOR_NAME = AccentColor;
				CODE_SIGN_STYLE = Automatic;
				CURRENT_PROJECT_VERSION = 1;
				DEVELOPMENT_ASSET_PATHS = "\"FetchRecipe/Preview Content\"";
				ENABLE_PREVIEWS = YES;
				GENERATE_INFOPLIST_FILE = YES;
				INFOPLIST_KEY_UIApplicationSceneManifest_Generation = YES;
				INFOPLIST_KEY_UIApplicationSupportsIndirectInputEvents = YES;
				INFOPLIST_KEY_UILaunchScreen_Generation = YES;
				INFOPLIST_KEY_UISupportedInterfaceOrientations_iPad = "UIInterfaceOrientationPortrait UIInterfaceOrientationPortraitUpsideDown UIInterfaceOrientationLandscapeLeft UIInterfaceOrientationLandscapeRight";
				INFOPLIST_KEY_UISupportedInterfaceOrientations_iPhone = "UIInterfaceOrientationPortrait UIInterfaceOrientationLandscapeLeft UIInterfaceOrientationLandscapeRight";
				LD_RUNPATH_SEARCH_PATHS = (
					"$(inherited)",
					"@executable_path/Frameworks",
				);
				MARKETING_VERSION = 1.0;
				PRODUCT_BUNDLE_IDENTIFIER = fetch.FetchRecipe;
				PRODUCT_NAME = "$(TARGET_NAME)";
				SWIFT_EMIT_LOC_STRINGS = YES;
				SWIFT_VERSION = 5.0;
				TARGETED_DEVICE_FAMILY = "1,2";
			};
			name = Release;
		};
		103E44A92A477F7100BA40FA /* Debug */ = {
			isa = XCBuildConfiguration;
			buildSettings = {
				ALWAYS_EMBED_SWIFT_STANDARD_LIBRARIES = YES;
				BUNDLE_LOADER = "$(TEST_HOST)";
				CODE_SIGN_STYLE = Automatic;
				CURRENT_PROJECT_VERSION = 1;
				GENERATE_INFOPLIST_FILE = YES;
				IPHONEOS_DEPLOYMENT_TARGET = 16.4;
				MARKETING_VERSION = 1.0;
				PRODUCT_BUNDLE_IDENTIFIER = fetch.FetchRecipeTests;
				PRODUCT_NAME = "$(TARGET_NAME)";
				SWIFT_EMIT_LOC_STRINGS = NO;
				SWIFT_VERSION = 5.0;
				TARGETED_DEVICE_FAMILY = "1,2";
				TEST_HOST = "$(BUILT_PRODUCTS_DIR)/FetchRecipe.app/$(BUNDLE_EXECUTABLE_FOLDER_PATH)/FetchRecipe";
			};
			name = Debug;
		};
		103E44AA2A477F7100BA40FA /* Release */ = {
			isa = XCBuildConfiguration;
			buildSettings = {
				ALWAYS_EMBED_SWIFT_STANDARD_LIBRARIES = YES;
				BUNDLE_LOADER = "$(TEST_HOST)";
				CODE_SIGN_STYLE = Automatic;
				CURRENT_PROJECT_VERSION = 1;
				GENERATE_INFOPLIST_FILE = YES;
				IPHONEOS_DEPLOYMENT_TARGET = 16.4;
				MARKETING_VERSION = 1.0;
				PRODUCT_BUNDLE_IDENTIFIER = fetch.FetchRecipeTests;
				PRODUCT_NAME = "$(TARGET_NAME)";
				SWIFT_EMIT_LOC_STRINGS = NO;
				SWIFT_VERSION = 5.0;
				TARGETED_DEVICE_FAMILY = "1,2";
				TEST_HOST = "$(BUILT_PRODUCTS_DIR)/FetchRecipe.app/$(BUNDLE_EXECUTABLE_FOLDER_PATH)/FetchRecipe";
			};
			name = Release;
		};
		103E44AC2A477F7100BA40FA /* Debug */ = {
			isa = XCBuildConfiguration;
			buildSettings = {
				ALWAYS_EMBED_SWIFT_STANDARD_LIBRARIES = YES;
				CODE_SIGN_STYLE = Automatic;
				CURRENT_PROJECT_VERSION = 1;
				GENERATE_INFOPLIST_FILE = YES;
				MARKETING_VERSION = 1.0;
				PRODUCT_BUNDLE_IDENTIFIER = fetch.FetchRecipeUITests;
				PRODUCT_NAME = "$(TARGET_NAME)";
				SWIFT_EMIT_LOC_STRINGS = NO;
				SWIFT_VERSION = 5.0;
				TARGETED_DEVICE_FAMILY = "1,2";
				TEST_TARGET_NAME = FetchRecipe;
			};
			name = Debug;
		};
		103E44AD2A477F7100BA40FA /* Release */ = {
			isa = XCBuildConfiguration;
			buildSettings = {
				ALWAYS_EMBED_SWIFT_STANDARD_LIBRARIES = YES;
				CODE_SIGN_STYLE = Automatic;
				CURRENT_PROJECT_VERSION = 1;
				GENERATE_INFOPLIST_FILE = YES;
				MARKETING_VERSION = 1.0;
				PRODUCT_BUNDLE_IDENTIFIER = fetch.FetchRecipeUITests;
				PRODUCT_NAME = "$(TARGET_NAME)";
				SWIFT_EMIT_LOC_STRINGS = NO;
				SWIFT_VERSION = 5.0;
				TARGETED_DEVICE_FAMILY = "1,2";
				TEST_TARGET_NAME = FetchRecipe;
			};
			name = Release;
		};
/* End XCBuildConfiguration section */

/* Begin XCConfigurationList section */
		103E447C2A477F6F00BA40FA /* Build configuration list for PBXProject "FetchRecipe" */ = {
			isa = XCConfigurationList;
			buildConfigurations = (
				103E44A32A477F7100BA40FA /* Debug */,
				103E44A42A477F7100BA40FA /* Release */,
			);
			defaultConfigurationIsVisible = 0;
			defaultConfigurationName = Release;
		};
		103E44A52A477F7100BA40FA /* Build configuration list for PBXNativeTarget "FetchRecipe" */ = {
			isa = XCConfigurationList;
			buildConfigurations = (
				103E44A62A477F7100BA40FA /* Debug */,
				103E44A72A477F7100BA40FA /* Release */,
			);
			defaultConfigurationIsVisible = 0;
			defaultConfigurationName = Release;
		};
		103E44A82A477F7100BA40FA /* Build configuration list for PBXNativeTarget "FetchRecipeTests" */ = {
			isa = XCConfigurationList;
			buildConfigurations = (
				103E44A92A477F7100BA40FA /* Debug */,
				103E44AA2A477F7100BA40FA /* Release */,
			);
			defaultConfigurationIsVisible = 0;
			defaultConfigurationName = Release;
		};
		103E44AB2A477F7100BA40FA /* Build configuration list for PBXNativeTarget "FetchRecipeUITests" */ = {
			isa = XCConfigurationList;
			buildConfigurations = (
				103E44AC2A477F7100BA40FA /* Debug */,
				103E44AD2A477F7100BA40FA /* Release */,
			);
			defaultConfigurationIsVisible = 0;
			defaultConfigurationName = Release;
		};
/* End XCConfigurationList section */
	};
	rootObject = 103E44792A477F6F00BA40FA /* Project object */;
}
